
Microsoft Visual Studio Solution File, Format Version 12.00
# Visual Studio Version 17
VisualStudioVersion = 17.1.32319.34
MinimumVisualStudioVersion = 10.0.40219.1
Project("{FAE04EC0-301F-11D3-BF4B-00C04F79EFBC}") = "Snakeandleader", "Snakeandleader\Snakeandleader.csproj", "{C9983EE1-ACB3-4E56-940D-2E4C8A888D3B}"
EndProject
Global
	GlobalSection(SolutionConfigurationPlatforms) = preSolution
		Debug|Any CPU = Debug|Any CPU
		Release|Any CPU = Release|Any CPU
	EndGlobalSection
	GlobalSection(ProjectConfigurationPlatforms) = postSolution
		{C9983EE1-ACB3-4E56-940D-2E4C8A888D3B}.Debug|Any CPU.ActiveCfg = Debug|Any CPU
		{C9983EE1-ACB3-4E56-940D-2E4C8A888D3B}.Debug|Any CPU.Build.0 = Debug|Any CPU
		{C9983EE1-ACB3-4E56-940D-2E4C8A888D3B}.Release|Any CPU.ActiveCfg = Release|Any CPU
		{C9983EE1-ACB3-4E56-940D-2E4C8A888D3B}.Release|Any CPU.Build.0 = Release|Any CPU
	EndGlobalSection
	GlobalSection(SolutionProperties) = preSolution
		HideSolutionNode = FALSE
	EndGlobalSection
	GlobalSection(ExtensibilityGlobals) = postSolution
		SolutionGuid = {12766B45-4843-42F7-8ED9-EFB66AA37C30}
	EndGlobalSection
EndGlobal
